// !$*UTF8*$!
{
	archiveVersion = 1;
	classes = {
	};
	objectVersion = 46;
	objects = {

/* Begin PBXBuildFile section */
		11B88CB11EF258D700BC497F /* SimulatorErase.sh in Resources */ = {isa = PBXBuildFile; fileRef = 11B88CB01EF258D700BC497F /* SimulatorErase.sh */; };
		11F86C471EFA803C00F443C7 /* DirectoryListener.m in Sources */ = {isa = PBXBuildFile; fileRef = 11F86C461EFA803C00F443C7 /* DirectoryListener.m */; };
		A90C056E1EEEFA8A00A39446 /* AppDelegate.m in Sources */ = {isa = PBXBuildFile; fileRef = A90C056D1EEEFA8A00A39446 /* AppDelegate.m */; };
		A90C05711EEEFA8A00A39446 /* main.m in Sources */ = {isa = PBXBuildFile; fileRef = A90C05701EEEFA8A00A39446 /* main.m */; };
		A90C05761EEEFA8A00A39446 /* Assets.xcassets in Resources */ = {isa = PBXBuildFile; fileRef = A90C05751EEEFA8A00A39446 /* Assets.xcassets */; };
		A90C05791EEEFA8A00A39446 /* Main.storyboard in Resources */ = {isa = PBXBuildFile; fileRef = A90C05771EEEFA8A00A39446 /* Main.storyboard */; };
		A90C05881EEEFB5C00A39446 /* MenuBuilder.m in Sources */ = {isa = PBXBuildFile; fileRef = A90C05811EEEFB5C00A39446 /* MenuBuilder.m */; };
		A90C05891EEEFB5C00A39446 /* RecentData.m in Sources */ = {isa = PBXBuildFile; fileRef = A90C05831EEEFB5C00A39446 /* RecentData.m */; };
		A90C058A1EEEFB5C00A39446 /* SimulatorApp.m in Sources */ = {isa = PBXBuildFile; fileRef = A90C05851EEEFB5C00A39446 /* SimulatorApp.m */; };
		A90C058B1EEEFB5C00A39446 /* SimulatorDevice.m in Sources */ = {isa = PBXBuildFile; fileRef = A90C05871EEEFB5C00A39446 /* SimulatorDevice.m */; };
/* End PBXBuildFile section */

/* Begin PBXFileReference section */
		11B88CB01EF258D700BC497F /* SimulatorErase.sh */ = {isa = PBXFileReference; fileEncoding = 4; lastKnownFileType = text.script.sh; path = SimulatorErase.sh; sourceTree = "<group>"; };
		11F86C451EFA803C00F443C7 /* DirectoryListener.h */ = {isa = PBXFileReference; fileEncoding = 4; lastKnownFileType = sourcecode.c.h; path = DirectoryListener.h; sourceTree = "<group>"; };
		11F86C461EFA803C00F443C7 /* DirectoryListener.m */ = {isa = PBXFileReference; fileEncoding = 4; lastKnownFileType = sourcecode.c.objc; path = DirectoryListener.m; sourceTree = "<group>"; };
		A90C05691EEEFA8A00A39446 /* XSimulatorMngr.app */ = {isa = PBXFileReference; explicitFileType = wrapper.application; includeInIndex = 0; path = XSimulatorMngr.app; sourceTree = BUILT_PRODUCTS_DIR; };
		A90C056C1EEEFA8A00A39446 /* AppDelegate.h */ = {isa = PBXFileReference; lastKnownFileType = sourcecode.c.h; path = AppDelegate.h; sourceTree = "<group>"; };
		A90C056D1EEEFA8A00A39446 /* AppDelegate.m */ = {isa = PBXFileReference; lastKnownFileType = sourcecode.c.objc; path = AppDelegate.m; sourceTree = "<group>"; };
		A90C05701EEEFA8A00A39446 /* main.m */ = {isa = PBXFileReference; lastKnownFileType = sourcecode.c.objc; path = main.m; sourceTree = "<group>"; };
		A90C05751EEEFA8A00A39446 /* Assets.xcassets */ = {isa = PBXFileReference; lastKnownFileType = folder.assetcatalog; path = Assets.xcassets; sourceTree = "<group>"; };
		A90C05781EEEFA8A00A39446 /* Base */ = {isa = PBXFileReference; lastKnownFileType = file.storyboard; name = Base; path = Base.lproj/Main.storyboard; sourceTree = "<group>"; };
		A90C057A1EEEFA8A00A39446 /* Info.plist */ = {isa = PBXFileReference; lastKnownFileType = text.plist.xml; path = Info.plist; sourceTree = "<group>"; };
		A90C05801EEEFB5C00A39446 /* MenuBuilder.h */ = {isa = PBXFileReference; fileEncoding = 4; lastKnownFileType = sourcecode.c.h; path = MenuBuilder.h; sourceTree = "<group>"; };
		A90C05811EEEFB5C00A39446 /* MenuBuilder.m */ = {isa = PBXFileReference; fileEncoding = 4; lastKnownFileType = sourcecode.c.objc; path = MenuBuilder.m; sourceTree = "<group>"; };
		A90C05821EEEFB5C00A39446 /* RecentData.h */ = {isa = PBXFileReference; fileEncoding = 4; lastKnownFileType = sourcecode.c.h; path = RecentData.h; sourceTree = "<group>"; };
		A90C05831EEEFB5C00A39446 /* RecentData.m */ = {isa = PBXFileReference; fileEncoding = 4; lastKnownFileType = sourcecode.c.objc; path = RecentData.m; sourceTree = "<group>"; };
		A90C05841EEEFB5C00A39446 /* SimulatorApp.h */ = {isa = PBXFileReference; fileEncoding = 4; lastKnownFileType = sourcecode.c.h; path = SimulatorApp.h; sourceTree = "<group>"; };
		A90C05851EEEFB5C00A39446 /* SimulatorApp.m */ = {isa = PBXFileReference; fileEncoding = 4; lastKnownFileType = sourcecode.c.objc; path = SimulatorApp.m; sourceTree = "<group>"; };
		A90C05861EEEFB5C00A39446 /* SimulatorDevice.h */ = {isa = PBXFileReference; fileEncoding = 4; lastKnownFileType = sourcecode.c.h; path = SimulatorDevice.h; sourceTree = "<group>"; };
		A90C05871EEEFB5C00A39446 /* SimulatorDevice.m */ = {isa = PBXFileReference; fileEncoding = 4; lastKnownFileType = sourcecode.c.objc; path = SimulatorDevice.m; sourceTree = "<group>"; };
/* End PBXFileReference section */

/* Begin PBXFrameworksBuildPhase section */
		A90C05661EEEFA8A00A39446 /* Frameworks */ = {
			isa = PBXFrameworksBuildPhase;
			buildActionMask = 2147483647;
			files = (
			);
			runOnlyForDeploymentPostprocessing = 0;
		};
/* End PBXFrameworksBuildPhase section */

/* Begin PBXGroup section */
		A90C05601EEEFA8A00A39446 = {
			isa = PBXGroup;
			children = (
				A90C056B1EEEFA8A00A39446 /* XSimulatorMngr */,
				A90C056A1EEEFA8A00A39446 /* Products */,
			);
			sourceTree = "<group>";
		};
		A90C056A1EEEFA8A00A39446 /* Products */ = {
			isa = PBXGroup;
			children = (
				A90C05691EEEFA8A00A39446 /* XSimulatorMngr.app */,
			);
			name = Products;
			sourceTree = "<group>";
		};
		A90C056B1EEEFA8A00A39446 /* XSimulatorMngr */ = {
			isa = PBXGroup;
			children = (
				A90C056C1EEEFA8A00A39446 /* AppDelegate.h */,
				A90C056D1EEEFA8A00A39446 /* AppDelegate.m */,
				A90C05751EEEFA8A00A39446 /* Assets.xcassets */,
				11F86C451EFA803C00F443C7 /* DirectoryListener.h */,
				11F86C461EFA803C00F443C7 /* DirectoryListener.m */,
				A90C057A1EEEFA8A00A39446 /* Info.plist */,
				A90C05771EEEFA8A00A39446 /* Main.storyboard */,
				A90C05801EEEFB5C00A39446 /* MenuBuilder.h */,
				A90C05811EEEFB5C00A39446 /* MenuBuilder.m */,
				A90C05821EEEFB5C00A39446 /* RecentData.h */,
				A90C05831EEEFB5C00A39446 /* RecentData.m */,
				A90C05841EEEFB5C00A39446 /* SimulatorApp.h */,
				A90C05851EEEFB5C00A39446 /* SimulatorApp.m */,
				A90C05861EEEFB5C00A39446 /* SimulatorDevice.h */,
				A90C05871EEEFB5C00A39446 /* SimulatorDevice.m */,
				11B88CB01EF258D700BC497F /* SimulatorErase.sh */,
				A90C056F1EEEFA8A00A39446 /* Supporting Files */,
			);
			path = XSimulatorMngr;
			sourceTree = "<group>";
		};
		A90C056F1EEEFA8A00A39446 /* Supporting Files */ = {
			isa = PBXGroup;
			children = (
				A90C05701EEEFA8A00A39446 /* main.m */,
			);
			name = "Supporting Files";
			sourceTree = "<group>";
		};
/* End PBXGroup section */

/* Begin PBXNativeTarget section */
		A90C05681EEEFA8A00A39446 /* XSimulatorMngr */ = {
			isa = PBXNativeTarget;
			buildConfigurationList = A90C057D1EEEFA8A00A39446 /* Build configuration list for PBXNativeTarget "XSimulatorMngr" */;
			buildPhases = (
				A90C05651EEEFA8A00A39446 /* Sources */,
				A90C05661EEEFA8A00A39446 /* Frameworks */,
				A90C05671EEEFA8A00A39446 /* Resources */,
			);
			buildRules = (
			);
			dependencies = (
			);
			name = XSimulatorMngr;
			productName = XSimulatorMngr;
			productReference = A90C05691EEEFA8A00A39446 /* XSimulatorMngr.app */;
			productType = "com.apple.product-type.application";
		};
/* End PBXNativeTarget section */

/* Begin PBXProject section */
		A90C05611EEEFA8A00A39446 /* Project object */ = {
			isa = PBXProject;
			attributes = {
				LastUpgradeCheck = 0830;
				ORGANIZATIONNAME = assln;
				TargetAttributes = {
					A90C05681EEEFA8A00A39446 = {
						CreatedOnToolsVersion = 8.3;
						ProvisioningStyle = Automatic;
					};
				};
			};
			buildConfigurationList = A90C05641EEEFA8A00A39446 /* Build configuration list for PBXProject "XSimulatorMngr" */;
			compatibilityVersion = "Xcode 3.2";
			developmentRegion = English;
			hasScannedForEncodings = 0;
			knownRegions = (
				en,
				Base,
			);
			mainGroup = A90C05601EEEFA8A00A39446;
			productRefGroup = A90C056A1EEEFA8A00A39446 /* Products */;
			projectDirPath = "";
			projectRoot = "";
			targets = (
				A90C05681EEEFA8A00A39446 /* XSimulatorMngr */,
			);
		};
/* End PBXProject section */

/* Begin PBXResourcesBuildPhase section */
		A90C05671EEEFA8A00A39446 /* Resources */ = {
			isa = PBXResourcesBuildPhase;
			buildActionMask = 2147483647;
			files = (
				11B88CB11EF258D700BC497F /* SimulatorErase.sh in Resources */,
				A90C05761EEEFA8A00A39446 /* Assets.xcassets in Resources */,
				A90C05791EEEFA8A00A39446 /* Main.storyboard in Resources */,
			);
			runOnlyForDeploymentPostprocessing = 0;
		};
/* End PBXResourcesBuildPhase section */

/* Begin PBXSourcesBuildPhase section */
		A90C05651EEEFA8A00A39446 /* Sources */ = {
			isa = PBXSourcesBuildPhase;
			buildActionMask = 2147483647;
			files = (
				A90C05711EEEFA8A00A39446 /* main.m in Sources */,
				11F86C471EFA803C00F443C7 /* DirectoryListener.m in Sources */,
				A90C058A1EEEFB5C00A39446 /* SimulatorApp.m in Sources */,
				A90C058B1EEEFB5C00A39446 /* SimulatorDevice.m in Sources */,
				A90C05881EEEFB5C00A39446 /* MenuBuilder.m in Sources */,
				A90C05891EEEFB5C00A39446 /* RecentData.m in Sources */,
				A90C056E1EEEFA8A00A39446 /* AppDelegate.m in Sources */,
			);
			runOnlyForDeploymentPostprocessing = 0;
		};
/* End PBXSourcesBuildPhase section */

/* Begin PBXVariantGroup section */
		A90C05771EEEFA8A00A39446 /* Main.storyboard */ = {
			isa = PBXVariantGroup;
			children = (
				A90C05781EEEFA8A00A39446 /* Base */,
			);
			name = Main.storyboard;
			sourceTree = "<group>";
		};
/* End PBXVariantGroup section */

/* Begin XCBuildConfiguration section */
		A90C057B1EEEFA8A00A39446 /* Debug */ = {
			isa = XCBuildConfiguration;
			buildSettings = {
				ALWAYS_SEARCH_USER_PATHS = NO;
				CLANG_ANALYZER_NONNULL = YES;
				CLANG_ANALYZER_NUMBER_OBJECT_CONVERSION = YES_AGGRESSIVE;
				CLANG_CXX_LANGUAGE_STANDARD = "gnu++0x";
				CLANG_CXX_LIBRARY = "libc++";
				CLANG_ENABLE_MODULES = YES;
				CLANG_ENABLE_OBJC_ARC = YES;
				CLANG_WARN_BOOL_CONVERSION = YES;
				CLANG_WARN_CONSTANT_CONVERSION = YES;
				CLANG_WARN_DIRECT_OBJC_ISA_USAGE = YES_ERROR;
				CLANG_WARN_DOCUMENTATION_COMMENTS = YES;
				CLANG_WARN_EMPTY_BODY = YES;
				CLANG_WARN_ENUM_CONVERSION = YES;
				CLANG_WARN_INFINITE_RECURSION = YES;
				CLANG_WARN_INT_CONVERSION = YES;
				CLANG_WARN_OBJC_ROOT_CLASS = YES_ERROR;
				CLANG_WARN_SUSPICIOUS_MOVE = YES;
				CLANG_WARN_UNREACHABLE_CODE = YES;
				CLANG_WARN__DUPLICATE_METHOD_MATCH = YES;
				CODE_SIGN_IDENTITY = "-";
				COPY_PHASE_STRIP = NO;
				DEBUG_INFORMATION_FORMAT = dwarf;
				ENABLE_STRICT_OBJC_MSGSEND = YES;
				ENABLE_TESTABILITY = YES;
				GCC_C_LANGUAGE_STANDARD = gnu99;
				GCC_DYNAMIC_NO_PIC = NO;
				GCC_NO_COMMON_BLOCKS = YES;
				GCC_OPTIMIZATION_LEVEL = 0;
				GCC_PREPROCESSOR_DEFINITIONS = (
					"DEBUG=1",
					"$(inherited)",
				);
				GCC_WARN_64_TO_32_BIT_CONVERSION = YES;
				GCC_WARN_ABOUT_RETURN_TYPE = YES_ERROR;
				GCC_WARN_UNDECLARED_SELECTOR = YES;
				GCC_WARN_UNINITIALIZED_AUTOS = YES_AGGRESSIVE;
				GCC_WARN_UNUSED_FUNCTION = YES;
				GCC_WARN_UNUSED_VARIABLE = YES;
				MACOSX_DEPLOYMENT_TARGET = 10.12;
				MTL_ENABLE_DEBUG_INFO = YES;
				ONLY_ACTIVE_ARCH = YES;
				SDKROOT = macosx;
			};
			name = Debug;
		};
		A90C057C1EEEFA8A00A39446 /* Release */ = {
			isa = XCBuildConfiguration;
			buildSettings = {
				ALWAYS_SEARCH_USER_PATHS = NO;
				CLANG_ANALYZER_NONNULL = YES;
				CLANG_ANALYZER_NUMBER_OBJECT_CONVERSION = YES_AGGRESSIVE;
				CLANG_CXX_LANGUAGE_STANDARD = "gnu++0x";
				CLANG_CXX_LIBRARY = "libc++";
				CLANG_ENABLE_MODULES = YES;
				CLANG_ENABLE_OBJC_ARC = YES;
				CLANG_WARN_BOOL_CONVERSION = YES;
				CLANG_WARN_CONSTANT_CONVERSION = YES;
				CLANG_WARN_DIRECT_OBJC_ISA_USAGE = YES_ERROR;
				CLANG_WARN_DOCUMENTATION_COMMENTS = YES;
				CLANG_WARN_EMPTY_BODY = YES;
				CLANG_WARN_ENUM_CONVERSION = YES;
				CLANG_WARN_INFINITE_RECURSION = YES;
				CLANG_WARN_INT_CONVERSION = YES;
				CLANG_WARN_OBJC_ROOT_CLASS = YES_ERROR;
				CLANG_WARN_SUSPICIOUS_MOVE = YES;
				CLANG_WARN_UNREACHABLE_CODE = YES;
				CLANG_WARN__DUPLICATE_METHOD_MATCH = YES;
				CODE_SIGN_IDENTITY = "-";
				COPY_PHASE_STRIP = NO;
				DEBUG_INFORMATION_FORMAT = "dwarf-with-dsym";
				ENABLE_NS_ASSERTIONS = NO;
				ENABLE_STRICT_OBJC_MSGSEND = YES;
				GCC_C_LANGUAGE_STANDARD = gnu99;
				GCC_NO_COMMON_BLOCKS = YES;
				GCC_WARN_64_TO_32_BIT_CONVERSION = YES;
				GCC_WARN_ABOUT_RETURN_TYPE = YES_ERROR;
				GCC_WARN_UNDECLARED_SELECTOR = YES;
				GCC_WARN_UNINITIALIZED_AUTOS = YES_AGGRESSIVE;
				GCC_WARN_UNUSED_FUNCTION = YES;
				GCC_WARN_UNUSED_VARIABLE = YES;
				MACOSX_DEPLOYMENT_TARGET = 10.12;
				MTL_ENABLE_DEBUG_INFO = NO;
				SDKROOT = macosx;
			};
			name = Release;
		};
		A90C057E1EEEFA8A00A39446 /* Debug */ = {
			isa = XCBuildConfiguration;
			buildSettings = {
				ASSETCATALOG_COMPILER_APPICON_NAME = AppIcon;
				COMBINE_HIDPI_IMAGES = YES;
				INFOPLIST_FILE = XSimulatorMngr/Info.plist;
				LD_RUNPATH_SEARCH_PATHS = "$(inherited) @executable_path/../Frameworks";
				PRODUCT_BUNDLE_IDENTIFIER = assln.XSimulatorMngr;
				PRODUCT_NAME = "$(TARGET_NAME)";
			};
			name = Debug;
		};
		A90C057F1EEEFA8A00A39446 /* Release */ = {
			isa = XCBuildConfiguration;
			buildSettings = {
				ASSETCATALOG_COMPILER_APPICON_NAME = AppIcon;
				COMBINE_HIDPI_IMAGES = YES;
				INFOPLIST_FILE = XSimulatorMngr/Info.plist;
				LD_RUNPATH_SEARCH_PATHS = "$(inherited) @executable_path/../Frameworks";
				PRODUCT_BUNDLE_IDENTIFIER = assln.XSimulatorMngr;
				PRODUCT_NAME = "$(TARGET_NAME)";
			};
			name = Release;
		};
/* End XCBuildConfiguration section */

/* Begin XCConfigurationList section */
		A90C05641EEEFA8A00A39446 /* Build configuration list for PBXProject "XSimulatorMngr" */ = {
			isa = XCConfigurationList;
			buildConfigurations = (
				A90C057B1EEEFA8A00A39446 /* Debug */,
				A90C057C1EEEFA8A00A39446 /* Release */,
			);
			defaultConfigurationIsVisible = 0;
			defaultConfigurationName = Release;
		};
		A90C057D1EEEFA8A00A39446 /* Build configuration list for PBXNativeTarget "XSimulatorMngr" */ = {
			isa = XCConfigurationList;
			buildConfigurations = (
				A90C057E1EEEFA8A00A39446 /* Debug */,
				A90C057F1EEEFA8A00A39446 /* Release */,
			);
			defaultConfigurationIsVisible = 0;
			defaultConfigurationName = Release;
		};
/* End XCConfigurationList section */
	};
	rootObject = A90C05611EEEFA8A00A39446 /* Project object */;
}
